
Microsoft Visual Studio Solution File, Format Version 12.00
# Visual Studio 14
VisualStudioVersion = 14.0.25420.1
MinimumVisualStudioVersion = 10.0.40219.1
Project("{FAE04EC0-301F-11D3-BF4B-00C04F79EFBC}") = "StudentDrive", "StudentDrive\StudentDrive.csproj", "{E7E0FBF1-AC40-45FC-8649-5AED069DF52B}"
EndProject
Project("{FAE04EC0-301F-11D3-BF4B-00C04F79EFBC}") = "Data", "Data\Data.csproj", "{0337E319-C644-40DE-AAB3-4DBF442D1830}"
EndProject
Project("{FAE04EC0-301F-11D3-BF4B-00C04F79EFBC}") = "Initializer", "Initializer\Initializer.csproj", "{433220B6-E3DB-467B-B16A-568F4552D91B}"
EndProject
Project("{FAE04EC0-301F-11D3-BF4B-00C04F79EFBC}") = "Core", "Core\Core.csproj", "{8A1ADFF4-9F9B-4B42-8190-A62063385B4C}"
EndProject
Project("{FAE04EC0-301F-11D3-BF4B-00C04F79EFBC}") = "Tests", "Tests\Tests.csproj", "{BFB88FB7-4AAF-4389-A83A-7F2DB4C45C54}"
EndProject
Global
	GlobalSection(SolutionConfigurationPlatforms) = preSolution
		Debug|Any CPU = Debug|Any CPU
		Release|Any CPU = Release|Any CPU
	EndGlobalSection
	GlobalSection(ProjectConfigurationPlatforms) = postSolution
		{E7E0FBF1-AC40-45FC-8649-5AED069DF52B}.Debug|Any CPU.ActiveCfg = Debug|Any CPU
		{E7E0FBF1-AC40-45FC-8649-5AED069DF52B}.Debug|Any CPU.Build.0 = Debug|Any CPU
		{E7E0FBF1-AC40-45FC-8649-5AED069DF52B}.Release|Any CPU.ActiveCfg = Release|Any CPU
		{E7E0FBF1-AC40-45FC-8649-5AED069DF52B}.Release|Any CPU.Build.0 = Release|Any CPU
		{0337E319-C644-40DE-AAB3-4DBF442D1830}.Debug|Any CPU.ActiveCfg = Debug|Any CPU
		{0337E319-C644-40DE-AAB3-4DBF442D1830}.Debug|Any CPU.Build.0 = Debug|Any CPU
		{0337E319-C644-40DE-AAB3-4DBF442D1830}.Release|Any CPU.ActiveCfg = Release|Any CPU
		{0337E319-C644-40DE-AAB3-4DBF442D1830}.Release|Any CPU.Build.0 = Release|Any CPU
		{433220B6-E3DB-467B-B16A-568F4552D91B}.Debug|Any CPU.ActiveCfg = Debug|Any CPU
		{433220B6-E3DB-467B-B16A-568F4552D91B}.Debug|Any CPU.Build.0 = Debug|Any CPU
		{433220B6-E3DB-467B-B16A-568F4552D91B}.Release|Any CPU.ActiveCfg = Release|Any CPU
		{433220B6-E3DB-467B-B16A-568F4552D91B}.Release|Any CPU.Build.0 = Release|Any CPU
		{8A1ADFF4-9F9B-4B42-8190-A62063385B4C}.Debug|Any CPU.ActiveCfg = Debug|Any CPU
		{8A1ADFF4-9F9B-4B42-8190-A62063385B4C}.Debug|Any CPU.Build.0 = Debug|Any CPU
		{8A1ADFF4-9F9B-4B42-8190-A62063385B4C}.Release|Any CPU.ActiveCfg = Release|Any CPU
		{8A1ADFF4-9F9B-4B42-8190-A62063385B4C}.Release|Any CPU.Build.0 = Release|Any CPU
		{BFB88FB7-4AAF-4389-A83A-7F2DB4C45C54}.Debug|Any CPU.ActiveCfg = Debug|Any CPU
		{BFB88FB7-4AAF-4389-A83A-7F2DB4C45C54}.Debug|Any CPU.Build.0 = Debug|Any CPU
		{BFB88FB7-4AAF-4389-A83A-7F2DB4C45C54}.Release|Any CPU.ActiveCfg = Release|Any CPU
		{BFB88FB7-4AAF-4389-A83A-7F2DB4C45C54}.Release|Any CPU.Build.0 = Release|Any CPU
	EndGlobalSection
	GlobalSection(SolutionProperties) = preSolution
		HideSolutionNode = FALSE
	EndGlobalSection
EndGlobal
